
Microsoft Visual Studio Solution File, Format Version 12.00
# Visual Studio Version 16
VisualStudioVersion = 16.0.30413.136
MinimumVisualStudioVersion = 10.0.40219.1
Project("{FAE04EC0-301F-11D3-BF4B-00C04F79EFBC}") = "MicroRabbit", "MicroRabbit.csproj", "{34C542F8-CE02-47CF-8465-EE549A0F7C12}"
EndProject
Project("{2150E333-8FDC-42A3-9474-1A3956D46DE8}") = "Microservices", "Microservices", "{F6F34ECC-FB88-4721-9F61-76E5369CBC4A}"
EndProject
Project("{2150E333-8FDC-42A3-9474-1A3956D46DE8}") = "Domain", "Domain", "{F914B394-4A7A-443F-8DBF-E7EA73124616}"
EndProject
Project("{2150E333-8FDC-42A3-9474-1A3956D46DE8}") = "Infra.Bus", "Infra.Bus", "{69FCDC37-69FF-4B17-B369-0CDC237BE675}"
EndProject
Project("{2150E333-8FDC-42A3-9474-1A3956D46DE8}") = "Infra.IoC", "Infra.IoC", "{3A0735A5-9C88-4DDF-B047-28EBE3721EAB}"
EndProject
Project("{2150E333-8FDC-42A3-9474-1A3956D46DE8}") = "Presentation", "Presentation", "{73936084-1445-4371-91CF-B15F2AD2DB19}"
EndProject
Project("{FAE04EC0-301F-11D3-BF4B-00C04F79EFBC}") = "MicroRabbit.Domain.Core", "..\MicroRabbit.Domain.Core\MicroRabbit.Domain.Core.csproj", "{C6E39317-170C-46CF-8F29-76E08FEB4AF6}"
EndProject
Project("{FAE04EC0-301F-11D3-BF4B-00C04F79EFBC}") = "MicroRabbit.Infa.Bus", "..\MicroRabbit.Infa.Bus\MicroRabbit.Infa.Bus.csproj", "{52D0AE43-10FA-4F88-AC70-C490951B46FC}"
EndProject
Project("{FAE04EC0-301F-11D3-BF4B-00C04F79EFBC}") = "MicroRabbit.Infra.IoC", "..\MicroRabbit.Infra.IoC\MicroRabbit.Infra.IoC.csproj", "{80383398-6591-459D-9FBD-0AAF713A160A}"
EndProject
Project("{2150E333-8FDC-42A3-9474-1A3956D46DE8}") = "Banking", "Banking", "{FAB8C85B-4128-48D8-B6B9-909D15CC9CD3}"
EndProject
Project("{2150E333-8FDC-42A3-9474-1A3956D46DE8}") = "Api", "Api", "{4D16DF9D-55D7-429F-970A-9965C3E1AF2F}"
EndProject
Project("{2150E333-8FDC-42A3-9474-1A3956D46DE8}") = "Domain", "Domain", "{973350DD-218F-452F-89AE-D227D0400485}"
EndProject
Project("{2150E333-8FDC-42A3-9474-1A3956D46DE8}") = "Application", "Application", "{C9551AAA-9DAF-409F-8258-6D2E5CDB7973}"
EndProject
Project("{2150E333-8FDC-42A3-9474-1A3956D46DE8}") = "Data", "Data", "{835F2C1F-D52A-4C04-945E-880C0C91E00B}"
EndProject
Project("{FAE04EC0-301F-11D3-BF4B-00C04F79EFBC}") = "MicroRabbit.Banking.Api", "..\MicroRabbit.Banking.Api\MicroRabbit.Banking.Api.csproj", "{CE68D1EB-BFDA-4A33-8712-8F1445A3CB98}"
EndProject
Project("{FAE04EC0-301F-11D3-BF4B-00C04F79EFBC}") = "MicroRabbit.Banking.Application", "..\MicroRabbit.Banking.Application\MicroRabbit.Banking.Application.csproj", "{74E5794D-8776-4926-828D-F8195CABB6AF}"
EndProject
Project("{FAE04EC0-301F-11D3-BF4B-00C04F79EFBC}") = "MicroRabbit.Banking.Data", "..\MicroRabbit.Banking.Data\MicroRabbit.Banking.Data.csproj", "{89F7EF39-7212-4F8E-B55E-FFBDD01D8D88}"
EndProject
Project("{FAE04EC0-301F-11D3-BF4B-00C04F79EFBC}") = "MicroRabbit.Banking.Domain", "..\MicroRabbit.Banking.Domain\MicroRabbit.Banking.Domain.csproj", "{013BDE5E-D284-4BF2-915B-707706A39C1C}"
EndProject
Project("{2150E333-8FDC-42A3-9474-1A3956D46DE8}") = "Transfer", "Transfer", "{0BF70D4A-0B69-49FA-A359-06784E02C41F}"
EndProject
Project("{2150E333-8FDC-42A3-9474-1A3956D46DE8}") = "Api", "Api", "{C6A470EB-E237-475D-B10D-73279F4DA3E8}"
EndProject
Project("{2150E333-8FDC-42A3-9474-1A3956D46DE8}") = "Application", "Application", "{F5275E07-E6D1-4D42-AFC3-C326DBCD6D2B}"
EndProject
Project("{2150E333-8FDC-42A3-9474-1A3956D46DE8}") = "Data", "Data", "{4987F5A9-A741-411C-B54F-76212CC23B74}"
EndProject
Project("{2150E333-8FDC-42A3-9474-1A3956D46DE8}") = "Domain", "Domain", "{6BE8D1E9-78D8-4B47-A4BD-5F3C982B9CF1}"
EndProject
Project("{FAE04EC0-301F-11D3-BF4B-00C04F79EFBC}") = "MicroRabbit.Transfer.Api", "..\MicroRabbit.Transfer.Api\MicroRabbit.Transfer.Api.csproj", "{B5666E57-41F4-46D9-B61A-77E7E3145BC1}"
EndProject
Project("{FAE04EC0-301F-11D3-BF4B-00C04F79EFBC}") = "MicroRabbit.Transfer.Application", "..\MicroRabbit.Transfer.Application\MicroRabbit.Transfer.Application.csproj", "{3D4E06B0-8958-4C4D-94C9-7C1072479FCE}"
EndProject
Project("{FAE04EC0-301F-11D3-BF4B-00C04F79EFBC}") = "MicroRabbit.Transfer.Data", "..\MicroRabbit.Transfer.Data\MicroRabbit.Transfer.Data.csproj", "{84E385FF-6809-4D11-9ED5-EE46BCEA6B95}"
EndProject
Project("{FAE04EC0-301F-11D3-BF4B-00C04F79EFBC}") = "MicroRabbit.Transfer.Domain", "..\MicroRabbit.Transfer.Domain\MicroRabbit.Transfer.Domain.csproj", "{F09F7789-AC47-42E5-A646-7F4E4CBEED66}"
EndProject
Global
	GlobalSection(SolutionConfigurationPlatforms) = preSolution
		Debug|Any CPU = Debug|Any CPU
		Release|Any CPU = Release|Any CPU
	EndGlobalSection
	GlobalSection(ProjectConfigurationPlatforms) = postSolution
		{34C542F8-CE02-47CF-8465-EE549A0F7C12}.Debug|Any CPU.ActiveCfg = Debug|Any CPU
		{34C542F8-CE02-47CF-8465-EE549A0F7C12}.Debug|Any CPU.Build.0 = Debug|Any CPU
		{34C542F8-CE02-47CF-8465-EE549A0F7C12}.Release|Any CPU.ActiveCfg = Release|Any CPU
		{34C542F8-CE02-47CF-8465-EE549A0F7C12}.Release|Any CPU.Build.0 = Release|Any CPU
		{C6E39317-170C-46CF-8F29-76E08FEB4AF6}.Debug|Any CPU.ActiveCfg = Debug|Any CPU
		{C6E39317-170C-46CF-8F29-76E08FEB4AF6}.Debug|Any CPU.Build.0 = Debug|Any CPU
		{C6E39317-170C-46CF-8F29-76E08FEB4AF6}.Release|Any CPU.ActiveCfg = Release|Any CPU
		{C6E39317-170C-46CF-8F29-76E08FEB4AF6}.Release|Any CPU.Build.0 = Release|Any CPU
		{52D0AE43-10FA-4F88-AC70-C490951B46FC}.Debug|Any CPU.ActiveCfg = Debug|Any CPU
		{52D0AE43-10FA-4F88-AC70-C490951B46FC}.Debug|Any CPU.Build.0 = Debug|Any CPU
		{52D0AE43-10FA-4F88-AC70-C490951B46FC}.Release|Any CPU.ActiveCfg = Release|Any CPU
		{52D0AE43-10FA-4F88-AC70-C490951B46FC}.Release|Any CPU.Build.0 = Release|Any CPU
		{80383398-6591-459D-9FBD-0AAF713A160A}.Debug|Any CPU.ActiveCfg = Debug|Any CPU
		{80383398-6591-459D-9FBD-0AAF713A160A}.Debug|Any CPU.Build.0 = Debug|Any CPU
		{80383398-6591-459D-9FBD-0AAF713A160A}.Release|Any CPU.ActiveCfg = Release|Any CPU
		{80383398-6591-459D-9FBD-0AAF713A160A}.Release|Any CPU.Build.0 = Release|Any CPU
		{CE68D1EB-BFDA-4A33-8712-8F1445A3CB98}.Debug|Any CPU.ActiveCfg = Debug|Any CPU
		{CE68D1EB-BFDA-4A33-8712-8F1445A3CB98}.Debug|Any CPU.Build.0 = Debug|Any CPU
		{CE68D1EB-BFDA-4A33-8712-8F1445A3CB98}.Release|Any CPU.ActiveCfg = Release|Any CPU
		{CE68D1EB-BFDA-4A33-8712-8F1445A3CB98}.Release|Any CPU.Build.0 = Release|Any CPU
		{74E5794D-8776-4926-828D-F8195CABB6AF}.Debug|Any CPU.ActiveCfg = Debug|Any CPU
		{74E5794D-8776-4926-828D-F8195CABB6AF}.Debug|Any CPU.Build.0 = Debug|Any CPU
		{74E5794D-8776-4926-828D-F8195CABB6AF}.Release|Any CPU.ActiveCfg = Release|Any CPU
		{74E5794D-8776-4926-828D-F8195CABB6AF}.Release|Any CPU.Build.0 = Release|Any CPU
		{89F7EF39-7212-4F8E-B55E-FFBDD01D8D88}.Debug|Any CPU.ActiveCfg = Debug|Any CPU
		{89F7EF39-7212-4F8E-B55E-FFBDD01D8D88}.Debug|Any CPU.Build.0 = Debug|Any CPU
		{89F7EF39-7212-4F8E-B55E-FFBDD01D8D88}.Release|Any CPU.ActiveCfg = Release|Any CPU
		{89F7EF39-7212-4F8E-B55E-FFBDD01D8D88}.Release|Any CPU.Build.0 = Release|Any CPU
		{013BDE5E-D284-4BF2-915B-707706A39C1C}.Debug|Any CPU.ActiveCfg = Debug|Any CPU
		{013BDE5E-D284-4BF2-915B-707706A39C1C}.Debug|Any CPU.Build.0 = Debug|Any CPU
		{013BDE5E-D284-4BF2-915B-707706A39C1C}.Release|Any CPU.ActiveCfg = Release|Any CPU
		{013BDE5E-D284-4BF2-915B-707706A39C1C}.Release|Any CPU.Build.0 = Release|Any CPU
		{B5666E57-41F4-46D9-B61A-77E7E3145BC1}.Debug|Any CPU.ActiveCfg = Debug|Any CPU
		{B5666E57-41F4-46D9-B61A-77E7E3145BC1}.Debug|Any CPU.Build.0 = Debug|Any CPU
		{B5666E57-41F4-46D9-B61A-77E7E3145BC1}.Release|Any CPU.ActiveCfg = Release|Any CPU
		{B5666E57-41F4-46D9-B61A-77E7E3145BC1}.Release|Any CPU.Build.0 = Release|Any CPU
		{3D4E06B0-8958-4C4D-94C9-7C1072479FCE}.Debug|Any CPU.ActiveCfg = Debug|Any CPU
		{3D4E06B0-8958-4C4D-94C9-7C1072479FCE}.Debug|Any CPU.Build.0 = Debug|Any CPU
		{3D4E06B0-8958-4C4D-94C9-7C1072479FCE}.Release|Any CPU.ActiveCfg = Release|Any CPU
		{3D4E06B0-8958-4C4D-94C9-7C1072479FCE}.Release|Any CPU.Build.0 = Release|Any CPU
		{84E385FF-6809-4D11-9ED5-EE46BCEA6B95}.Debug|Any CPU.ActiveCfg = Debug|Any CPU
		{84E385FF-6809-4D11-9ED5-EE46BCEA6B95}.Debug|Any CPU.Build.0 = Debug|Any CPU
		{84E385FF-6809-4D11-9ED5-EE46BCEA6B95}.Release|Any CPU.ActiveCfg = Release|Any CPU
		{84E385FF-6809-4D11-9ED5-EE46BCEA6B95}.Release|Any CPU.Build.0 = Release|Any CPU
		{F09F7789-AC47-42E5-A646-7F4E4CBEED66}.Debug|Any CPU.ActiveCfg = Debug|Any CPU
		{F09F7789-AC47-42E5-A646-7F4E4CBEED66}.Debug|Any CPU.Build.0 = Debug|Any CPU
		{F09F7789-AC47-42E5-A646-7F4E4CBEED66}.Release|Any CPU.ActiveCfg = Release|Any CPU
		{F09F7789-AC47-42E5-A646-7F4E4CBEED66}.Release|Any CPU.Build.0 = Release|Any CPU
	EndGlobalSection
	GlobalSection(SolutionProperties) = preSolution
		HideSolutionNode = FALSE
	EndGlobalSection
	GlobalSection(NestedProjects) = preSolution
		{C6E39317-170C-46CF-8F29-76E08FEB4AF6} = {F914B394-4A7A-443F-8DBF-E7EA73124616}
		{52D0AE43-10FA-4F88-AC70-C490951B46FC} = {69FCDC37-69FF-4B17-B369-0CDC237BE675}
		{80383398-6591-459D-9FBD-0AAF713A160A} = {3A0735A5-9C88-4DDF-B047-28EBE3721EAB}
		{FAB8C85B-4128-48D8-B6B9-909D15CC9CD3} = {F6F34ECC-FB88-4721-9F61-76E5369CBC4A}
		{4D16DF9D-55D7-429F-970A-9965C3E1AF2F} = {FAB8C85B-4128-48D8-B6B9-909D15CC9CD3}
		{973350DD-218F-452F-89AE-D227D0400485} = {FAB8C85B-4128-48D8-B6B9-909D15CC9CD3}
		{C9551AAA-9DAF-409F-8258-6D2E5CDB7973} = {FAB8C85B-4128-48D8-B6B9-909D15CC9CD3}
		{835F2C1F-D52A-4C04-945E-880C0C91E00B} = {FAB8C85B-4128-48D8-B6B9-909D15CC9CD3}
		{CE68D1EB-BFDA-4A33-8712-8F1445A3CB98} = {4D16DF9D-55D7-429F-970A-9965C3E1AF2F}
		{74E5794D-8776-4926-828D-F8195CABB6AF} = {C9551AAA-9DAF-409F-8258-6D2E5CDB7973}
		{89F7EF39-7212-4F8E-B55E-FFBDD01D8D88} = {835F2C1F-D52A-4C04-945E-880C0C91E00B}
		{013BDE5E-D284-4BF2-915B-707706A39C1C} = {973350DD-218F-452F-89AE-D227D0400485}
		{0BF70D4A-0B69-49FA-A359-06784E02C41F} = {F6F34ECC-FB88-4721-9F61-76E5369CBC4A}
		{C6A470EB-E237-475D-B10D-73279F4DA3E8} = {0BF70D4A-0B69-49FA-A359-06784E02C41F}
		{F5275E07-E6D1-4D42-AFC3-C326DBCD6D2B} = {0BF70D4A-0B69-49FA-A359-06784E02C41F}
		{4987F5A9-A741-411C-B54F-76212CC23B74} = {0BF70D4A-0B69-49FA-A359-06784E02C41F}
		{6BE8D1E9-78D8-4B47-A4BD-5F3C982B9CF1} = {0BF70D4A-0B69-49FA-A359-06784E02C41F}
		{B5666E57-41F4-46D9-B61A-77E7E3145BC1} = {C6A470EB-E237-475D-B10D-73279F4DA3E8}
		{3D4E06B0-8958-4C4D-94C9-7C1072479FCE} = {F5275E07-E6D1-4D42-AFC3-C326DBCD6D2B}
		{84E385FF-6809-4D11-9ED5-EE46BCEA6B95} = {4987F5A9-A741-411C-B54F-76212CC23B74}
		{F09F7789-AC47-42E5-A646-7F4E4CBEED66} = {6BE8D1E9-78D8-4B47-A4BD-5F3C982B9CF1}
	EndGlobalSection
	GlobalSection(ExtensibilityGlobals) = postSolution
		SolutionGuid = {8A9F74E0-A3FC-44BA-9E1D-53A20C238EC8}
	EndGlobalSection
EndGlobal
